
Microsoft Visual Studio Solution File, Format Version 12.00
# Visual Studio Version 17
VisualStudioVersion = 17.4.33122.133
MinimumVisualStudioVersion = 10.0.40219.1
Project("{9A19103F-16F7-4668-BE54-9A1E7A4F7556}") = "Serilog.Sinks.Logz.Io", "src\Serilog.Sinks.Logz.Io\Serilog.Sinks.Logz.Io.csproj", "{98B4B46C-E1C2-4837-A627-CF0C87519B7C}"
EndProject
Project("{9A19103F-16F7-4668-BE54-9A1E7A4F7556}") = "Serilog.Sinks.Logz.Io.Tests", "tests\Serilog.Sinks.Logz.Io.Tests\Serilog.Sinks.Logz.Io.Tests\Serilog.Sinks.Logz.Io.Tests.csproj", "{D55229A9-D4A7-4838-88AD-53190EEDE5AA}"
EndProject
Project("{9A19103F-16F7-4668-BE54-9A1E7A4F7556}") = "Serilog.Sinks.Logz.Io.Console", "tests\Serilog.Sinks.Logz.Io.Console\Serilog.Sinks.Logz.Io.Console.csproj", "{BF7483E8-43BD-4549-B53E-2A6AB46FCE1F}"
EndProject
Project("{9A19103F-16F7-4668-BE54-9A1E7A4F7556}") = "Serilog.Sinks.Logz.Io.AspNetCoreApi", "tests\Serilog.Sinks.Logz.Io.AspNetCoreApi\Serilog.Sinks.Logz.Io.AspNetCoreApi.csproj", "{65A0BE3C-3604-429A-9C3A-28B1E6A3B5E9}"
EndProject
Project("{2150E333-8FDC-42A3-9474-1A3956D46DE8}") = "Tests", "Tests", "{C2ED0A61-26F3-442A-9592-9F8A52E3C43F}"
EndProject
Project("{9A19103F-16F7-4668-BE54-9A1E7A4F7556}") = "Serilog.Sinks.Http.LogzIo.Tests", "tests\Serilog.Sinks.Http.LogzIo.Tests\Serilog.Sinks.Http.LogzIo.Tests.csproj", "{B30EE20B-2B50-44EA-8001-29E79BB61537}"
EndProject
Project("{9A19103F-16F7-4668-BE54-9A1E7A4F7556}") = "Serilog.Sinks.Http.LogzIo", "src\Serilog.Sinks.Http.LogzIo\Serilog.Sinks.Http.LogzIo.csproj", "{A706C114-8991-4408-8C67-83B85C648A62}"
EndProject
Global
	GlobalSection(SolutionConfigurationPlatforms) = preSolution
		Debug|Any CPU = Debug|Any CPU
		Release|Any CPU = Release|Any CPU
	EndGlobalSection
	GlobalSection(ProjectConfigurationPlatforms) = postSolution
		{98B4B46C-E1C2-4837-A627-CF0C87519B7C}.Debug|Any CPU.ActiveCfg = Debug|Any CPU
		{98B4B46C-E1C2-4837-A627-CF0C87519B7C}.Debug|Any CPU.Build.0 = Debug|Any CPU
		{98B4B46C-E1C2-4837-A627-CF0C87519B7C}.Release|Any CPU.ActiveCfg = Release|Any CPU
		{98B4B46C-E1C2-4837-A627-CF0C87519B7C}.Release|Any CPU.Build.0 = Release|Any CPU
		{D55229A9-D4A7-4838-88AD-53190EEDE5AA}.Debug|Any CPU.ActiveCfg = Debug|Any CPU
		{D55229A9-D4A7-4838-88AD-53190EEDE5AA}.Debug|Any CPU.Build.0 = Debug|Any CPU
		{D55229A9-D4A7-4838-88AD-53190EEDE5AA}.Release|Any CPU.ActiveCfg = Release|Any CPU
		{D55229A9-D4A7-4838-88AD-53190EEDE5AA}.Release|Any CPU.Build.0 = Release|Any CPU
		{BF7483E8-43BD-4549-B53E-2A6AB46FCE1F}.Debug|Any CPU.ActiveCfg = Debug|Any CPU
		{BF7483E8-43BD-4549-B53E-2A6AB46FCE1F}.Debug|Any CPU.Build.0 = Debug|Any CPU
		{BF7483E8-43BD-4549-B53E-2A6AB46FCE1F}.Release|Any CPU.ActiveCfg = Release|Any CPU
		{BF7483E8-43BD-4549-B53E-2A6AB46FCE1F}.Release|Any CPU.Build.0 = Release|Any CPU
		{65A0BE3C-3604-429A-9C3A-28B1E6A3B5E9}.Debug|Any CPU.ActiveCfg = Debug|Any CPU
		{65A0BE3C-3604-429A-9C3A-28B1E6A3B5E9}.Debug|Any CPU.Build.0 = Debug|Any CPU
		{65A0BE3C-3604-429A-9C3A-28B1E6A3B5E9}.Release|Any CPU.ActiveCfg = Release|Any CPU
		{65A0BE3C-3604-429A-9C3A-28B1E6A3B5E9}.Release|Any CPU.Build.0 = Release|Any CPU
		{B30EE20B-2B50-44EA-8001-29E79BB61537}.Debug|Any CPU.ActiveCfg = Debug|Any CPU
		{B30EE20B-2B50-44EA-8001-29E79BB61537}.Debug|Any CPU.Build.0 = Debug|Any CPU
		{B30EE20B-2B50-44EA-8001-29E79BB61537}.Release|Any CPU.ActiveCfg = Release|Any CPU
		{B30EE20B-2B50-44EA-8001-29E79BB61537}.Release|Any CPU.Build.0 = Release|Any CPU
		{A706C114-8991-4408-8C67-83B85C648A62}.Debug|Any CPU.ActiveCfg = Debug|Any CPU
		{A706C114-8991-4408-8C67-83B85C648A62}.Debug|Any CPU.Build.0 = Debug|Any CPU
		{A706C114-8991-4408-8C67-83B85C648A62}.Release|Any CPU.ActiveCfg = Release|Any CPU
		{A706C114-8991-4408-8C67-83B85C648A62}.Release|Any CPU.Build.0 = Release|Any CPU
	EndGlobalSection
	GlobalSection(SolutionProperties) = preSolution
		HideSolutionNode = FALSE
	EndGlobalSection
	GlobalSection(NestedProjects) = preSolution
		{D55229A9-D4A7-4838-88AD-53190EEDE5AA} = {C2ED0A61-26F3-442A-9592-9F8A52E3C43F}
		{BF7483E8-43BD-4549-B53E-2A6AB46FCE1F} = {C2ED0A61-26F3-442A-9592-9F8A52E3C43F}
		{65A0BE3C-3604-429A-9C3A-28B1E6A3B5E9} = {C2ED0A61-26F3-442A-9592-9F8A52E3C43F}
		{B30EE20B-2B50-44EA-8001-29E79BB61537} = {C2ED0A61-26F3-442A-9592-9F8A52E3C43F}
	EndGlobalSection
	GlobalSection(ExtensibilityGlobals) = postSolution
		SolutionGuid = {2E74AD1D-503A-4BA9-AC19-5DDE2A807674}
	EndGlobalSection
EndGlobal
